{
    "_readme": [
        "This file locks the dependencies of your project to a known state",
        "Read more about it at https://getcomposer.org/doc/01-basic-usage.md#composer-lock-the-lock-file",
        "This file is @generated automatically"
    ],
    "content-hash": "9a115f882a0060e63fe5de484f971591",
    "packages": [
        {
            "name": "filp/whoops",
            "version": "2.1.10",
            "source": {
                "type": "git",
                "url": "https://github.com/filp/whoops.git",
                "reference": "ffbbd2c06c64b08fb47974eed5dbce4ca2bb0eec"
            },
            "dist": {
                "type": "zip",
                "url": "https://api.github.com/repos/filp/whoops/zipball/ffbbd2c06c64b08fb47974eed5dbce4ca2bb0eec",
                "reference": "ffbbd2c06c64b08fb47974eed5dbce4ca2bb0eec",
                "shasum": ""
            },
            "require": {
                "php": "^5.5.9 || ^7.0",
                "psr/log": "^1.0.1"
            },
            "require-dev": {
                "mockery/mockery": "0.9.*",
                "phpunit/phpunit": "^4.8 || ^5.0",
                "symfony/var-dumper": "^2.6 || ^3.0"
            },
            "suggest": {
                "symfony/var-dumper": "Pretty print complex values better with var-dumper available",
                "whoops/soap": "Formats errors as SOAP responses"
            },
            "type": "library",
            "extra": {
                "branch-alias": {
                    "dev-master": "2.0-dev"
                }
            },
            "autoload": {
                "psr-4": {
                    "Whoops\\": "src/Whoops/"
                }
            },
            "notification-url": "https://packagist.org/downloads/",
            "license": [
                "MIT"
            ],
            "authors": [
                {
                    "name": "Filipe Dobreira",
                    "homepage": "https://github.com/filp",
                    "role": "Developer"
                }
            ],
            "description": "php error handling for cool kids",
            "homepage": "https://filp.github.io/whoops/",
            "keywords": [
                "error",
                "exception",
                "handling",
                "library",
                "whoops",
                "zf2"
            ],
            "time": "2017-08-03T18:23:40+00:00"
        },
        {
            "name": "fzaninotto/faker",
            "version": "dev-master",
            "source": {
                "type": "git",
                "url": "https://github.com/fzaninotto/Faker.git",
                "reference": "d3ed4cc37051c1ca52d22d76b437d14809fc7e0d"
            },
            "dist": {
                "type": "zip",
                "url": "https://api.github.com/repos/fzaninotto/Faker/zipball/d3ed4cc37051c1ca52d22d76b437d14809fc7e0d",
                "reference": "d3ed4cc37051c1ca52d22d76b437d14809fc7e0d",
                "shasum": ""
            },
            "require": {
                "php": "^5.3.3 || ^7.0"
            },
            "require-dev": {
                "ext-intl": "*",
                "phpunit/phpunit": "^4.0 || ^5.0",
                "squizlabs/php_codesniffer": "^1.5"
            },
            "type": "library",
            "extra": {
                "branch-alias": {
                    "dev-master": "1.8-dev"
                }
            },
            "autoload": {
                "psr-4": {
                    "Faker\\": "src/Faker/"
                }
            },
            "notification-url": "https://packagist.org/downloads/",
            "license": [
                "MIT"
            ],
            "authors": [
                {
                    "name": "François Zaninotto"
                }
            ],
            "description": "Faker is a PHP library that generates fake data for you.",
            "keywords": [
                "data",
                "faker",
                "fixtures"
            ],
            "time": "2017-08-15T16:48:10+00:00"
        },
        {
            "name": "kriswallsmith/assetic",
            "version": "v1.3.2",
            "source": {
                "type": "git",
                "url": "https://github.com/kriswallsmith/assetic.git",
                "reference": "9928f7c4ad98b234e3559d1049abd13387f86db5"
            },
            "dist": {
                "type": "zip",
                "url": "https://api.github.com/repos/kriswallsmith/assetic/zipball/9928f7c4ad98b234e3559d1049abd13387f86db5",
                "reference": "9928f7c4ad98b234e3559d1049abd13387f86db5",
                "shasum": ""
            },
            "require": {
                "php": ">=5.3.1",
                "symfony/process": "~2.1|~3.0"
            },
            "conflict": {
                "twig/twig": "<1.23"
            },
            "require-dev": {
                "cssmin/cssmin": "3.0.1",
                "joliclic/javascript-packer": "1.1",
                "kamicane/packager": "1.0",
                "leafo/lessphp": "^0.3.7",
                "leafo/scssphp": "~0.1",
                "mrclay/minify": "~2.2",
                "patchwork/jsqueeze": "~1.0|~2.0",
                "phpunit/phpunit": "~4.8",
                "psr/log": "~1.0",
                "ptachoire/cssembed": "~1.0",
                "symfony/phpunit-bridge": "~2.7|~3.0",
                "twig/twig": "~1.8|~2.0"
            },
            "suggest": {
                "leafo/lessphp": "Assetic provides the integration with the lessphp LESS compiler",
                "leafo/scssphp": "Assetic provides the integration with the scssphp SCSS compiler",
                "leafo/scssphp-compass": "Assetic provides the integration with the SCSS compass plugin",
                "patchwork/jsqueeze": "Assetic provides the integration with the JSqueeze JavaScript compressor",
                "ptachoire/cssembed": "Assetic provides the integration with phpcssembed to embed data uris",
                "twig/twig": "Assetic provides the integration with the Twig templating engine"
            },
            "type": "library",
            "extra": {
                "branch-alias": {
                    "dev-master": "1.4-dev"
                }
            },
            "autoload": {
                "psr-0": {
                    "Assetic": "src/"
                },
                "files": [
                    "src/functions.php"
                ]
            },
            "notification-url": "https://packagist.org/downloads/",
            "license": [
                "MIT"
            ],
            "authors": [
                {
                    "name": "Kris Wallsmith",
                    "email": "kris.wallsmith@gmail.com",
                    "homepage": "http://kriswallsmith.net/"
                }
            ],
            "description": "Asset Management for PHP",
            "homepage": "https://github.com/kriswallsmith/assetic",
            "keywords": [
                "assets",
                "compression",
                "minification"
            ],
            "time": "2015-11-12T13:51:40+00:00"
        },
        {
            "name": "mailchimp/mailchimp",
            "version": "2.0.6",
            "source": {
                "type": "git",
                "url": "https://bitbucket.org/mailchimp/mailchimp-api-php.git",
                "reference": "7ac99b5ac746d5875c5c350ad7e3b83674c83ec1"
            },
            "dist": {
                "type": "zip",
                "url": "https://bitbucket.org/mailchimp/mailchimp-api-php/get/7ac99b5ac746d5875c5c350ad7e3b83674c83ec1.zip",
                "reference": "7ac99b5ac746d5875c5c350ad7e3b83674c83ec1",
                "shasum": ""
            },
            "require": {
                "php": ">=5.2.0"
            },
            "require-dev": {
                "apigen/apigen": "dev-master"
            },
            "type": "library",
            "autoload": {
                "psr-0": {
                    "Mailchimp": "src/"
                }
            },
            "notification-url": "https://packagist.org/downloads/",
            "license": [
                "MIT"
            ],
            "authors": [
                {
                    "name": "MailChimp Devs",
                    "email": "api@mailchimp.com",
                    "homepage": "http://mailchimp.com",
                    "role": "Developer"
                }
            ],
            "description": "API client library for the MailChimp bulk email as a service platform",
            "homepage": "https://bitbucket.org/mailchimp/mailchimp-api-php",
            "keywords": [
                "api",
                "email"
            ],
            "time": "2014-10-30T20:38:12+00:00"
        },
        {
            "name": "maximebf/debugbar",
            "version": "dev-master",
            "source": {
                "type": "git",
                "url": "https://github.com/maximebf/php-debugbar.git",
                "reference": "e23a98f2d65607d8aa6c7b409a513f8fdf4acdde"
            },
            "dist": {
                "type": "zip",
                "url": "https://api.github.com/repos/maximebf/php-debugbar/zipball/e23a98f2d65607d8aa6c7b409a513f8fdf4acdde",
                "reference": "e23a98f2d65607d8aa6c7b409a513f8fdf4acdde",
                "shasum": ""
            },
            "require": {
                "php": ">=5.3.0",
                "psr/log": "^1.0",
                "symfony/var-dumper": "^2.6|^3.0"
            },
            "require-dev": {
                "phpunit/phpunit": "^4.0|^5.0"
            },
            "suggest": {
                "kriswallsmith/assetic": "The best way to manage assets",
                "monolog/monolog": "Log using Monolog",
                "predis/predis": "Redis storage"
            },
            "type": "library",
            "extra": {
                "branch-alias": {
                    "dev-master": "1.14-dev"
                }
            },
            "autoload": {
                "psr-4": {
                    "DebugBar\\": "src/DebugBar/"
                }
            },
            "notification-url": "https://packagist.org/downloads/",
            "license": [
                "MIT"
            ],
            "authors": [
                {
                    "name": "Maxime Bouroumeau-Fuseau",
                    "email": "maxime.bouroumeau@gmail.com",
                    "homepage": "http://maximebf.com"
                },
                {
                    "name": "Barry vd. Heuvel",
                    "email": "barryvdh@gmail.com"
                }
            ],
            "description": "Debug bar in the browser for php application",
            "homepage": "https://github.com/maximebf/php-debugbar",
            "keywords": [
                "debug",
                "debugbar"
            ],
            "time": "2017-08-17T07:17:00+00:00"
        },
        {
            "name": "pckg/collection",
            "version": "dev-master",
            "source": {
                "type": "git",
                "url": "https://github.com/pckg/collection.git",
                "reference": "99f2c94f1973b7dcabf5dde24140e7a00b5b24c8"
            },
            "dist": {
                "type": "zip",
                "url": "https://api.github.com/repos/pckg/collection/zipball/99f2c94f1973b7dcabf5dde24140e7a00b5b24c8",
                "reference": "99f2c94f1973b7dcabf5dde24140e7a00b5b24c8",
                "shasum": ""
            },
            "type": "library",
            "autoload": {
                "psr-0": {
                    "Pckg": "src\\"
                }
            },
            "notification-url": "https://packagist.org/downloads/",
            "license": [
                "MIT"
            ],
            "authors": [
                {
                    "name": "Bojan Rajh",
                    "email": "schtr4jh@schtr4jh.net"
                }
            ],
            "description": "Implementation for more human-like dealing with collections",
            "homepage": "https://github.com/pckg/collection",
            "time": "2017-06-28T20:09:46+00:00"
        },
        {
            "name": "pckg/concept",
            "version": "dev-master",
            "source": {
                "type": "git",
                "url": "https://github.com/pckg/concept.git",
                "reference": "c59bc6007564f63564f2393d1207bcbb6dc04e6f"
            },
            "dist": {
                "type": "zip",
                "url": "https://api.github.com/repos/pckg/concept/zipball/c59bc6007564f63564f2393d1207bcbb6dc04e6f",
                "reference": "c59bc6007564f63564f2393d1207bcbb6dc04e6f",
                "shasum": ""
            },
            "type": "library",
            "autoload": {
                "psr-0": {
                    "Pckg": "src\\"
                }
            },
            "notification-url": "https://packagist.org/downloads/",
            "license": [
                "MIT"
            ],
            "authors": [
                {
                    "name": "Bojan Rajh",
                    "email": "schtr4jh@schtr4jh.net"
                }
            ],
            "description": "Simple php concepts",
            "homepage": "https://github.com/pckg/concept",
            "time": "2017-08-09T14:10:36+00:00"
        },
        {
            "name": "pckg/framework",
            "version": "dev-master",
            "source": {
                "type": "git",
                "url": "https://github.com/pckg/framework.git",
                "reference": "d69b34b01963ae4e1e21daa060d50e30835f9865"
            },
            "dist": {
                "type": "zip",
                "url": "https://api.github.com/repos/pckg/framework/zipball/d69b34b01963ae4e1e21daa060d50e30835f9865",
                "reference": "d69b34b01963ae4e1e21daa060d50e30835f9865",
                "shasum": ""
            },
            "require": {
                "filp/whoops": "2.*",
                "maximebf/debugbar": "1.*",
                "pckg/concept": "dev-master",
                "pckg/database": "dev-master",
                "pckg/htmlbuilder": "dev-master",
                "pckg/manager": "dev-master",
                "rollbar/rollbar": "0.*",
                "twig/twig": "1.25.*"
            },
            "type": "library",
            "autoload": {
                "psr-0": {
                    "Pckg": "src\\"
                },
                "files": [
                    "src/Pckg/Framework/Helper/functions.php"
                ]
            },
            "notification-url": "https://packagist.org/downloads/",
            "license": [
                "MIT"
            ],
            "authors": [
                {
                    "name": "Bojan Rajh",
                    "email": "schtr4jh@schtr4jh.net"
                }
            ],
            "description": "Fully featured lightweight php framework with multilingual support, twig templating engine, and tons of other features.",
            "homepage": "https://github.com/pckg/framework",
            "time": "2017-08-18T09:31:42+00:00"
        },
        {
            "name": "pckg/htmlbuilder",
            "version": "dev-master",
            "source": {
                "type": "git",
                "url": "https://github.com/pckg/htmlbuilder.git",
                "reference": "142d96734d567350f0fa69d99b42d9e76da73c9a"
            },
            "dist": {
                "type": "zip",
                "url": "https://api.github.com/repos/pckg/htmlbuilder/zipball/142d96734d567350f0fa69d99b42d9e76da73c9a",
                "reference": "142d96734d567350f0fa69d99b42d9e76da73c9a",
                "shasum": ""
            },
            "require": {
                "mailchimp/mailchimp": "2.*",
                "pckg/concept": "dev-master",
                "pckg/database": "dev-master",
                "pckg/framework": "dev-master"
            },
            "type": "library",
            "autoload": {
                "psr-0": {
                    "Pckg\\Htmlbuilder": [
                        "src\\"
                    ],
                    "Pckg\\Htmlbuilder\\Test": [
                        "test\\"
                    ]
                }
            },
            "notification-url": "https://packagist.org/downloads/",
            "license": [
                "MIT"
            ],
            "authors": [
                {
                    "name": "Bojan Rajh",
                    "email": "schtr4jh@schtr4jh.net"
                }
            ],
            "description": "Build advanced forms in php with datasources, decorators, handlers and validators",
            "homepage": "https://bitbucket.org/lfw/htmlbuilder",
            "time": "2017-06-28T16:37:37+00:00"
        },
        {
            "name": "pckg/manager",
            "version": "dev-master",
            "source": {
                "type": "git",
                "url": "https://github.com/pckg/manager.git",
                "reference": "dc4e59ca5fa75de95c8236fde8097f0332f51456"
            },
            "dist": {
                "type": "zip",
                "url": "https://api.github.com/repos/pckg/manager/zipball/dc4e59ca5fa75de95c8236fde8097f0332f51456",
                "reference": "dc4e59ca5fa75de95c8236fde8097f0332f51456",
                "shasum": ""
            },
            "require": {
                "kriswallsmith/assetic": "1.*"
            },
            "type": "library",
            "autoload": {
                "psr-0": {
                    "Pckg": "src\\"
                }
            },
            "notification-url": "https://packagist.org/downloads/",
            "license": [
                "MIT"
            ],
            "authors": [
                {
                    "name": "Bojan Rajh",
                    "email": "schtr4jh@schtr4jh.net"
                }
            ],
            "description": "Asset management, meta / seo, locale, vue.js and everything else that projects need to manage",
            "homepage": "https://github.com/pckg/manager",
            "time": "2017-07-12T10:30:50+00:00"
        },
        {
            "name": "psr/log",
            "version": "dev-master",
            "source": {
                "type": "git",
                "url": "https://github.com/php-fig/log.git",
                "reference": "4ebe3a8bf773a19edfe0a84b6585ba3d401b724d"
            },
            "dist": {
                "type": "zip",
                "url": "https://api.github.com/repos/php-fig/log/zipball/4ebe3a8bf773a19edfe0a84b6585ba3d401b724d",
                "reference": "4ebe3a8bf773a19edfe0a84b6585ba3d401b724d",
                "shasum": ""
            },
            "require": {
                "php": ">=5.3.0"
            },
            "type": "library",
            "extra": {
                "branch-alias": {
                    "dev-master": "1.0.x-dev"
                }
            },
            "autoload": {
                "psr-4": {
                    "Psr\\Log\\": "Psr/Log/"
                }
            },
            "notification-url": "https://packagist.org/downloads/",
            "license": [
                "MIT"
            ],
            "authors": [
                {
                    "name": "PHP-FIG",
                    "homepage": "http://www.php-fig.org/"
                }
            ],
            "description": "Common interface for logging libraries",
            "homepage": "https://github.com/php-fig/log",
            "keywords": [
                "log",
                "psr",
                "psr-3"
            ],
            "time": "2016-10-10T12:19:37+00:00"
        },
        {
            "name": "rollbar/rollbar",
            "version": "v0.18.2",
            "source": {
                "type": "git",
                "url": "https://github.com/rollbar/rollbar-php.git",
                "reference": "fafe13f8beb669d6bba0137f3703fa808d50cbb7"
            },
            "dist": {
                "type": "zip",
                "url": "https://api.github.com/repos/rollbar/rollbar-php/zipball/fafe13f8beb669d6bba0137f3703fa808d50cbb7",
                "reference": "fafe13f8beb669d6bba0137f3703fa808d50cbb7",
                "shasum": ""
            },
            "require": {
                "ext-curl": "*"
            },
            "require-dev": {
                "mockery/mockery": "0.9.*",
                "phpunit/phpunit": "4.5.*"
            },
            "type": "library",
            "autoload": {
                "classmap": [
                    "src/Level.php",
                    "src/rollbar.php"
                ]
            },
            "notification-url": "https://packagist.org/downloads/",
            "license": [
                "MIT"
            ],
            "authors": [
                {
                    "name": "Rollbar, Inc.",
                    "email": "support@rollbar.com",
                    "role": "Developer"
                }
            ],
            "description": "Monitors errors and exceptions and reports them to Rollbar",
            "homepage": "http://github.com/rollbar/rollbar-php",
            "keywords": [
                "debugging",
                "errors",
                "exceptions",
                "logging",
                "monitoring"
            ],
            "time": "2016-07-05T15:50:29+00:00"
        },
        {
            "name": "symfony/polyfill-mbstring",
            "version": "dev-master",
            "source": {
                "type": "git",
                "url": "https://github.com/symfony/polyfill-mbstring.git",
                "reference": "7c8fae0ac1d216eb54349e6a8baa57d515fe8803"
            },
            "dist": {
                "type": "zip",
                "url": "https://api.github.com/repos/symfony/polyfill-mbstring/zipball/7c8fae0ac1d216eb54349e6a8baa57d515fe8803",
                "reference": "7c8fae0ac1d216eb54349e6a8baa57d515fe8803",
                "shasum": ""
            },
            "require": {
                "php": ">=5.3.3"
            },
            "suggest": {
                "ext-mbstring": "For best performance"
            },
            "type": "library",
            "extra": {
                "branch-alias": {
                    "dev-master": "1.5-dev"
                }
            },
            "autoload": {
                "psr-4": {
                    "Symfony\\Polyfill\\Mbstring\\": ""
                },
                "files": [
                    "bootstrap.php"
                ]
            },
            "notification-url": "https://packagist.org/downloads/",
            "license": [
                "MIT"
            ],
            "authors": [
                {
                    "name": "Nicolas Grekas",
                    "email": "p@tchwork.com"
                },
                {
                    "name": "Symfony Community",
                    "homepage": "https://symfony.com/contributors"
                }
            ],
            "description": "Symfony polyfill for the Mbstring extension",
            "homepage": "https://symfony.com",
            "keywords": [
                "compatibility",
                "mbstring",
                "polyfill",
                "portable",
                "shim"
            ],
            "time": "2017-06-14T15:44:48+00:00"
        },
        {
            "name": "symfony/process",
            "version": "3.4.x-dev",
            "source": {
                "type": "git",
                "url": "https://github.com/symfony/process.git",
                "reference": "9794f948d9af3be0157185051275d78b24d68b92"
            },
            "dist": {
                "type": "zip",
                "url": "https://api.github.com/repos/symfony/process/zipball/9794f948d9af3be0157185051275d78b24d68b92",
                "reference": "9794f948d9af3be0157185051275d78b24d68b92",
                "shasum": ""
            },
            "require": {
                "php": "^5.5.9|>=7.0.8"
            },
            "type": "library",
            "extra": {
                "branch-alias": {
                    "dev-master": "3.4-dev"
                }
            },
            "autoload": {
                "psr-4": {
                    "Symfony\\Component\\Process\\": ""
                },
                "exclude-from-classmap": [
                    "/Tests/"
                ]
            },
            "notification-url": "https://packagist.org/downloads/",
            "license": [
                "MIT"
            ],
            "authors": [
                {
                    "name": "Fabien Potencier",
                    "email": "fabien@symfony.com"
                },
                {
                    "name": "Symfony Community",
                    "homepage": "https://symfony.com/contributors"
                }
            ],
            "description": "Symfony Process Component",
            "homepage": "https://symfony.com",
            "time": "2017-08-03T09:34:20+00:00"
        },
        {
            "name": "symfony/var-dumper",
            "version": "3.4.x-dev",
            "source": {
                "type": "git",
                "url": "https://github.com/symfony/var-dumper.git",
                "reference": "1e8e3584fb0c0fedda50bbd405295b8112e6bcae"
            },
            "dist": {
                "type": "zip",
                "url": "https://api.github.com/repos/symfony/var-dumper/zipball/1e8e3584fb0c0fedda50bbd405295b8112e6bcae",
                "reference": "1e8e3584fb0c0fedda50bbd405295b8112e6bcae",
                "shasum": ""
            },
            "require": {
                "php": "^5.5.9|>=7.0.8",
                "symfony/polyfill-mbstring": "~1.0"
            },
            "conflict": {
                "phpunit/phpunit": "<4.8.35|<5.4.3,>=5.0"
            },
            "require-dev": {
                "ext-iconv": "*",
                "twig/twig": "~1.34|~2.4"
            },
            "suggest": {
                "ext-iconv": "To convert non-UTF-8 strings to UTF-8 (or symfony/polyfill-iconv in case ext-iconv cannot be used).",
                "ext-intl": "To show region name in time zone dump",
                "ext-symfony_debug": ""
            },
            "type": "library",
            "extra": {
                "branch-alias": {
                    "dev-master": "3.4-dev"
                }
            },
            "autoload": {
                "files": [
                    "Resources/functions/dump.php"
                ],
                "psr-4": {
                    "Symfony\\Component\\VarDumper\\": ""
                },
                "exclude-from-classmap": [
                    "/Tests/"
                ]
            },
            "notification-url": "https://packagist.org/downloads/",
            "license": [
                "MIT"
            ],
            "authors": [
                {
                    "name": "Nicolas Grekas",
                    "email": "p@tchwork.com"
                },
                {
                    "name": "Symfony Community",
                    "homepage": "https://symfony.com/contributors"
                }
            ],
            "description": "Symfony mechanism for exploring and dumping PHP variables",
            "homepage": "https://symfony.com",
            "keywords": [
                "debug",
                "dump"
            ],
            "time": "2017-08-17T13:38:59+00:00"
        },
        {
            "name": "twig/twig",
            "version": "v1.25.0",
            "source": {
                "type": "git",
                "url": "https://github.com/twigphp/Twig.git",
                "reference": "f16a634ab08d87e520da5671ec52153d627f10f6"
            },
            "dist": {
                "type": "zip",
                "url": "https://api.github.com/repos/twigphp/Twig/zipball/f16a634ab08d87e520da5671ec52153d627f10f6",
                "reference": "f16a634ab08d87e520da5671ec52153d627f10f6",
                "shasum": ""
            },
            "require": {
                "php": ">=5.2.7"
            },
            "require-dev": {
                "symfony/debug": "~2.7",
                "symfony/phpunit-bridge": "~2.7"
            },
            "type": "library",
            "extra": {
                "branch-alias": {
                    "dev-master": "1.25-dev"
                }
            },
            "autoload": {
                "psr-0": {
                    "Twig_": "lib/"
                }
            },
            "notification-url": "https://packagist.org/downloads/",
            "license": [
                "BSD-3-Clause"
            ],
            "authors": [
                {
                    "name": "Fabien Potencier",
                    "email": "fabien@symfony.com",
                    "homepage": "http://fabien.potencier.org",
                    "role": "Lead Developer"
                },
                {
                    "name": "Armin Ronacher",
                    "email": "armin.ronacher@active-4.com",
                    "role": "Project Founder"
                },
                {
                    "name": "Twig Team",
                    "homepage": "http://twig.sensiolabs.org/contributors",
                    "role": "Contributors"
                }
            ],
            "description": "Twig, the flexible, fast, and secure template language for PHP",
            "homepage": "http://twig.sensiolabs.org",
            "keywords": [
                "templating"
            ],
            "time": "2016-09-21T23:05:12+00:00"
        }
    ],
    "packages-dev": [],
    "aliases": [],
    "minimum-stability": "dev",
    "stability-flags": {
        "pckg/concept": 20,
        "pckg/collection": 20,
        "pckg/framework": 20
    },
    "prefer-stable": false,
    "prefer-lowest": false,
    "platform": [],
    "platform-dev": []
}
